{
  "name": "application_web",
  "version": "1.0.0",
  "lockfileVersion": 1,
  "requires": true,
  "dependencies": {
    "cytoscape": {
      "version": "3.6.2",
      "resolved": "https://registry.npmjs.org/cytoscape/-/cytoscape-3.6.2.tgz",
      "integrity": "sha512-keWH9yDQlzp/tyuOnUKQ7QoLgF7HcZPPqgiNPIJpWHBkHhWWnPvSP6ek/j7grsoAz6Jrv10D/2Wb2buvjcq2bw==",
      "requires": {
        "heap": "^0.2.6",
        "lodash.debounce": "^4.0.8"
      }
    },
    "heap": {
      "version": "0.2.6",
      "resolved": "https://registry.npmjs.org/heap/-/heap-0.2.6.tgz",
      "integrity": "sha1-CH4fELBGky/IWU3Z5tN4r8nR5aw="
    },
    "jquery": {
      "version": "3.4.1",
      "resolved": "https://registry.npmjs.org/jquery/-/jquery-3.4.1.tgz",
      "integrity": "sha512-36+AdBzCL+y6qjw5Tx7HgzeGCzC81MDDgaUP8ld2zhx58HdqXGoBd+tHdrBMiyjGQs0Hxs/MLZTu/eHNJJuWPw=="
    },
    "lodash.debounce": {
      "version": "4.0.8",
      "resolved": "https://registry.npmjs.org/lodash.debounce/-/lodash.debounce-4.0.8.tgz",
      "integrity": "sha1-gteb/zCmfEAF/9XiUVMArZyk168="
    },
    "nouislider": {
      "version": "13.1.5",
      "resolved": "https://registry.npmjs.org/nouislider/-/nouislider-13.1.5.tgz",
      "integrity": "sha512-RZMuNW1Z4PcxC5q7wUKbr5EweCEnEUii3f2XtjS38VWcG5QjN11zvveRld+lrUwHIOKgfRWeIddZm5Xxfr7zCQ=="
    },
    "papaparse": {
      "version": "5.0.0",
      "resolved": "https://registry.npmjs.org/papaparse/-/papaparse-5.0.0.tgz",
      "integrity": "sha512-gCqNseOMB5RInYXR051oWfCIZZI9ldhijkeMj0kNYLpE/hSRLHaW8ctoK4h3IuS1v8l+PovsV96LjXtgmzHRxA=="
    },
    "slim-select": {
      "version": "1.21.0",
      "resolved": "https://registry.npmjs.org/slim-select/-/slim-select-1.21.0.tgz",
      "integrity": "sha512-sZNqPUUTAYjd0YuITmTveYZqPpqEHqMR6xvBUvn18pJq76hQi9IunnO9Sc2Vp4MsG0mNzMcK7+Kit8YqtRUB0A=="
    }
  }
}
